
Microsoft Visual Studio Solution File, Format Version 12.00
# Visual Studio Version 17
VisualStudioVersion = 17.7.34202.233
MinimumVisualStudioVersion = 10.0.40219.1
Project("{8BC9CEB8-8B4A-11D0-8D11-00A0C91BC942}") = "cpp_app_2", "cpp_app_2.vcxproj", "{44584B56-FC00-48DF-9000-104C17F90828}"
EndProject
Global
	GlobalSection(SolutionConfigurationPlatforms) = preSolution
		Debug|x64 = Debug|x64
		Debug|x86 = Debug|x86
		Release|x64 = Release|x64
		Release|x86 = Release|x86
	EndGlobalSection
	GlobalSection(ProjectConfigurationPlatforms) = postSolution
		{44584B56-FC00-48DF-9000-104C17F90828}.Debug|x64.ActiveCfg = Debug|x64
		{44584B56-FC00-48DF-9000-104C17F90828}.Debug|x64.Build.0 = Debug|x64
		{44584B56-FC00-48DF-9000-104C17F90828}.Debug|x86.ActiveCfg = Debug|Win32
		{44584B56-FC00-48DF-9000-104C17F90828}.Debug|x86.Build.0 = Debug|Win32
		{44584B56-FC00-48DF-9000-104C17F90828}.Release|x64.ActiveCfg = Release|x64
		{44584B56-FC00-48DF-9000-104C17F90828}.Release|x64.Build.0 = Release|x64
		{44584B56-FC00-48DF-9000-104C17F90828}.Release|x86.ActiveCfg = Release|Win32
		{44584B56-FC00-48DF-9000-104C17F90828}.Release|x86.Build.0 = Release|Win32
	EndGlobalSection
	GlobalSection(SolutionProperties) = preSolution
		HideSolutionNode = FALSE
	EndGlobalSection
	GlobalSection(ExtensibilityGlobals) = postSolution
		SolutionGuid = {D08BCA8C-2BF2-422A-99EA-D340B4C9333C}
	EndGlobalSection
EndGlobal
